
Microsoft Visual Studio Solution File, Format Version 12.00
# Visual Studio 15
VisualStudioVersion = 15.0.27428.2037
MinimumVisualStudioVersion = 10.0.40219.1
Project("{8BC9CEB8-8B4A-11D0-8D11-00A0C91BC942}") = "Blink5", "Blink5\Blink5.vcxproj", "{EE440454-A674-48B3-A88D-314DE01A0838}"
EndProject
Global
	GlobalSection(SolutionConfigurationPlatforms) = preSolution
		Debug|ARM = Debug|ARM
		Release|ARM = Release|ARM
	EndGlobalSection
	GlobalSection(ProjectConfigurationPlatforms) = postSolution
		{EE440454-A674-48B3-A88D-314DE01A0838}.Debug|ARM.ActiveCfg = Debug|ARM
		{EE440454-A674-48B3-A88D-314DE01A0838}.Debug|ARM.Build.0 = Debug|ARM
		{EE440454-A674-48B3-A88D-314DE01A0838}.Release|ARM.ActiveCfg = Release|ARM
		{EE440454-A674-48B3-A88D-314DE01A0838}.Release|ARM.Build.0 = Release|ARM
	EndGlobalSection
	GlobalSection(SolutionProperties) = preSolution
		HideSolutionNode = FALSE
	EndGlobalSection
	GlobalSection(ExtensibilityGlobals) = postSolution
		SolutionGuid = {E60A60CC-DA1F-4F57-936D-9270E30F72DF}
	EndGlobalSection
EndGlobal
