
Microsoft Visual Studio Solution File, Format Version 12.00
# Visual Studio 15
VisualStudioVersion = 15.0.27428.2037
MinimumVisualStudioVersion = 10.0.40219.1
Project("{8BC9CEB8-8B4A-11D0-8D11-00A0C91BC942}") = "Blink1", "Blink1\Blink1.vcxproj", "{7F0138D0-8B2D-4644-A2B6-141DC1D4F426}"
EndProject
Global
	GlobalSection(SolutionConfigurationPlatforms) = preSolution
		Debug|ARM = Debug|ARM
		Release|ARM = Release|ARM
	EndGlobalSection
	GlobalSection(ProjectConfigurationPlatforms) = postSolution
		{7F0138D0-8B2D-4644-A2B6-141DC1D4F426}.Debug|ARM.ActiveCfg = Debug|ARM
		{7F0138D0-8B2D-4644-A2B6-141DC1D4F426}.Debug|ARM.Build.0 = Debug|ARM
		{7F0138D0-8B2D-4644-A2B6-141DC1D4F426}.Release|ARM.ActiveCfg = Release|ARM
		{7F0138D0-8B2D-4644-A2B6-141DC1D4F426}.Release|ARM.Build.0 = Release|ARM
	EndGlobalSection
	GlobalSection(SolutionProperties) = preSolution
		HideSolutionNode = FALSE
	EndGlobalSection
	GlobalSection(ExtensibilityGlobals) = postSolution
		SolutionGuid = {6A9DD07B-5C99-4F19-8001-F1F0E591C547}
	EndGlobalSection
EndGlobal
